
Microsoft Visual Studio Solution File, Format Version 12.00
# Visual Studio 15
VisualStudioVersion = 15.0.28010.2050
MinimumVisualStudioVersion = 10.0.40219.1
Project("{8BC9CEB8-8B4A-11D0-8D11-00A0C91BC942}") = "Lambda", "Lambda\Lambda.vcxproj", "{52807C73-0242-480F-A417-FC4B0D09E2E1}"
EndProject
Global
	GlobalSection(SolutionConfigurationPlatforms) = preSolution
		Debug|x64 = Debug|x64
		Debug|x86 = Debug|x86
		Release|x64 = Release|x64
		Release|x86 = Release|x86
	EndGlobalSection
	GlobalSection(ProjectConfigurationPlatforms) = postSolution
		{52807C73-0242-480F-A417-FC4B0D09E2E1}.Debug|x64.ActiveCfg = Debug|x64
		{52807C73-0242-480F-A417-FC4B0D09E2E1}.Debug|x64.Build.0 = Debug|x64
		{52807C73-0242-480F-A417-FC4B0D09E2E1}.Debug|x86.ActiveCfg = Debug|Win32
		{52807C73-0242-480F-A417-FC4B0D09E2E1}.Debug|x86.Build.0 = Debug|Win32
		{52807C73-0242-480F-A417-FC4B0D09E2E1}.Release|x64.ActiveCfg = Release|x64
		{52807C73-0242-480F-A417-FC4B0D09E2E1}.Release|x64.Build.0 = Release|x64
		{52807C73-0242-480F-A417-FC4B0D09E2E1}.Release|x86.ActiveCfg = Release|Win32
		{52807C73-0242-480F-A417-FC4B0D09E2E1}.Release|x86.Build.0 = Release|Win32
	EndGlobalSection
	GlobalSection(SolutionProperties) = preSolution
		HideSolutionNode = FALSE
	EndGlobalSection
	GlobalSection(ExtensibilityGlobals) = postSolution
		SolutionGuid = {B3A76B36-7104-4EDB-A4EE-18615B38E836}
	EndGlobalSection
EndGlobal
